
Microsoft Visual Studio Solution File, Format Version 12.00
# Visual Studio Version 17
VisualStudioVersion = 17.4.33213.308
MinimumVisualStudioVersion = 10.0.40219.1
Project("{9A19103F-16F7-4668-BE54-9A1E7A4F7556}") = "MqttServer", "MqttServer\MqttServer\MqttServer.csproj", "{7B59BDD1-7D72-4758-B5EE-6382648B5CAF}"
EndProject
Project("{9A19103F-16F7-4668-BE54-9A1E7A4F7556}") = "MqttServer.Core", "MqttServer\MqttServer.Core\MqttServer.Core.csproj", "{92AB8997-84D3-4885-9768-853C478FCE39}"
EndProject
Project("{9A19103F-16F7-4668-BE54-9A1E7A4F7556}") = "MqttCommon", "MqttCommon\MqttCommon.csproj", "{094B51B6-FE56-4A8C-B864-23904407B322}"
EndProject
Project("{9A19103F-16F7-4668-BE54-9A1E7A4F7556}") = "MqttHelpers", "MqttHelpers\MqttHelpers.csproj", "{EF8EBB1E-58C0-4877-81E0-B17CC5094B36}"
EndProject
Project("{9A19103F-16F7-4668-BE54-9A1E7A4F7556}") = "MqttClient", "MqttClient\MqttClient\MqttClient.csproj", "{EB1DEE75-198A-4569-9988-D5AB0647E2AE}"
EndProject
Project("{9A19103F-16F7-4668-BE54-9A1E7A4F7556}") = "MqttClient.Core", "MqttClient\MqttClient.Core\MqttClient.Core.csproj", "{DD6BEE47-64C2-4970-9C41-1A1658940D70}"
EndProject
Project("{9A19103F-16F7-4668-BE54-9A1E7A4F7556}") = "MqttClient.Modules.ModuleConnect", "MqttClient\Modules\MqttClient.Modules.ModuleConnect\MqttClient.Modules.ModuleConnect.csproj", "{77E8AE29-8D52-4F53-B2B2-97E3262D1634}"
EndProject
Project("{9A19103F-16F7-4668-BE54-9A1E7A4F7556}") = "MqttClient.Modules.ModuleMessage", "MqttClient\Modules\MqttClient.Modules.ModuleMessage\MqttClient.Modules.ModuleMessage.csproj", "{18D0CEFE-AFC5-4EEC-AEDD-AABFF9FC4A82}"
EndProject
Project("{9A19103F-16F7-4668-BE54-9A1E7A4F7556}") = "MqttClient.Modules.ModulePublisher", "MqttClient\Modules\MqttClient.Modules.ModulePublisher\MqttClient.Modules.ModulePublisher.csproj", "{BDBD0540-8EB0-4E19-9903-C9BBA384BA49}"
EndProject
Project("{9A19103F-16F7-4668-BE54-9A1E7A4F7556}") = "MqttClient.Modules.ModuleSubscriber", "MqttClient\Modules\MqttClient.Modules.ModuleSubscriber\MqttClient.Modules.ModuleSubscriber.csproj", "{85851FF1-C106-4F2A-8682-367213D36305}"
EndProject
Project("{9A19103F-16F7-4668-BE54-9A1E7A4F7556}") = "MqttServer.Modules.ModuleExecute", "MqttServer\Modules\MqttServer.Modules.ModuleExecute\MqttServer.Modules.ModuleExecute.csproj", "{830BFCA5-2151-431A-952F-592A61D4CCCA}"
EndProject
Project("{9A19103F-16F7-4668-BE54-9A1E7A4F7556}") = "MqttServer.Modules.ModuleClients", "MqttServer\Modules\MqttServer.Modules.ModuleClients\MqttServer.Modules.ModuleClients.csproj", "{592BFA5A-AC92-4BFD-BB8B-DE8F4FD1EAC1}"
EndProject
Project("{2150E333-8FDC-42A3-9474-1A3956D46DE8}") = "MqttClient", "MqttClient", "{7CEA4BD7-078C-4215-8F9E-B9A31FEC89D2}"
EndProject
Project("{2150E333-8FDC-42A3-9474-1A3956D46DE8}") = "Modules", "Modules", "{EB7A588B-2839-418D-A4C2-CF467759EB37}"
EndProject
Project("{2150E333-8FDC-42A3-9474-1A3956D46DE8}") = "MqttServer", "MqttServer", "{1F5734FF-EDDF-4C16-9C96-EF1213CBA76B}"
EndProject
Project("{2150E333-8FDC-42A3-9474-1A3956D46DE8}") = "Modules", "Modules", "{2D3274F9-9D33-4CE4-AD42-4E2F4AFB760B}"
EndProject
Project("{2150E333-8FDC-42A3-9474-1A3956D46DE8}") = "Common", "Common", "{C121C119-96E6-420B-B2EA-3635E14F6481}"
EndProject
Project("{9A19103F-16F7-4668-BE54-9A1E7A4F7556}") = "MqttResources", "MqttResources\MqttResources.csproj", "{11751F7F-AC8B-462C-B6F6-ECE276BBE129}"
EndProject
Project("{2150E333-8FDC-42A3-9474-1A3956D46DE8}") = "Backend", "Backend", "{04002EBB-E938-457B-A36D-B814CD5D3B9D}"
EndProject
Project("{9A19103F-16F7-4668-BE54-9A1E7A4F7556}") = "MqttServer.Backend.Core", "MqttServer\MqttServer.Backend.Core\MqttServer.Backend.Core.csproj", "{3F256CC1-531A-4630-AEFB-2C6FAFBB8B55}"
EndProject
Project("{2150E333-8FDC-42A3-9474-1A3956D46DE8}") = "Backend", "Backend", "{5E201FD8-C39E-4CE6-8FA9-CC19175A55AB}"
EndProject
Project("{9A19103F-16F7-4668-BE54-9A1E7A4F7556}") = "MqttClient.Backend.Core", "MqttClient\MqttClient.Backend.Core\MqttClient.Backend.Core.csproj", "{F5D14F42-DD19-4A07-8C9A-1EF10681FD69}"
EndProject
Project("{9A19103F-16F7-4668-BE54-9A1E7A4F7556}") = "MqttClient.Backend.Events", "MqttClient\MqttClient.Backend.Events\MqttClient.Backend.Events.csproj", "{F1743E60-6042-4233-8AB7-E8C0023F9959}"
EndProject
Project("{9A19103F-16F7-4668-BE54-9A1E7A4F7556}") = "MqttClient.Backend.Services", "MqttClient\MqttClient.Backend.Services\MqttClient.Backend.Services.csproj", "{0BBFACC4-8EA2-4861-BD59-96D77667111D}"
EndProject
Project("{9A19103F-16F7-4668-BE54-9A1E7A4F7556}") = "MqttClient.Backend.Services.Interfaces", "MqttClient\MqttClient.Backend.Services.Interfaces\MqttClient.Backend.Services.Interfaces.csproj", "{73F988BC-6400-4012-8D88-A28A95C443CA}"
EndProject
Project("{9A19103F-16F7-4668-BE54-9A1E7A4F7556}") = "MqttServer.Backend.Services", "MqttServer\MqttServer.Backend.Services\MqttServer.Backend.Services.csproj", "{948AF75F-9DF4-4C74-8039-6B084817F129}"
EndProject
Project("{9A19103F-16F7-4668-BE54-9A1E7A4F7556}") = "MqttServer.Backend.Services.Interfaces", "MqttServer\MqttServer.Backend.Services.Interfaces\MqttServer.Backend.Services.Interfaces.csproj", "{9DE08923-0E45-4790-89CD-0FF6D2133D09}"
EndProject
Project("{FAE04EC0-301F-11D3-BF4B-00C04F79EFBC}") = "MqttServer.Backend.Events", "MqttServer\MqttServer.Backend.Events\MqttServer.Backend.Events.csproj", "{1B1B698A-31D8-4B52-9564-DA0E55DA4CE1}"
EndProject
Project("{FAE04EC0-301F-11D3-BF4B-00C04F79EFBC}") = "MqttServer.Modules.ModuleMessage", "MqttServer\Modules\MqttServer.Modules.ModuleMessage\MqttServer.Modules.ModuleMessage.csproj", "{1EC792AE-52A0-4677-9615-23B034839FF9}"
EndProject
Global
	GlobalSection(SolutionConfigurationPlatforms) = preSolution
		Debug|Any CPU = Debug|Any CPU
		Release|Any CPU = Release|Any CPU
	EndGlobalSection
	GlobalSection(ProjectConfigurationPlatforms) = postSolution
		{7B59BDD1-7D72-4758-B5EE-6382648B5CAF}.Debug|Any CPU.ActiveCfg = Debug|Any CPU
		{7B59BDD1-7D72-4758-B5EE-6382648B5CAF}.Debug|Any CPU.Build.0 = Debug|Any CPU
		{7B59BDD1-7D72-4758-B5EE-6382648B5CAF}.Release|Any CPU.ActiveCfg = Release|Any CPU
		{7B59BDD1-7D72-4758-B5EE-6382648B5CAF}.Release|Any CPU.Build.0 = Release|Any CPU
		{92AB8997-84D3-4885-9768-853C478FCE39}.Debug|Any CPU.ActiveCfg = Debug|Any CPU
		{92AB8997-84D3-4885-9768-853C478FCE39}.Debug|Any CPU.Build.0 = Debug|Any CPU
		{92AB8997-84D3-4885-9768-853C478FCE39}.Release|Any CPU.ActiveCfg = Release|Any CPU
		{92AB8997-84D3-4885-9768-853C478FCE39}.Release|Any CPU.Build.0 = Release|Any CPU
		{094B51B6-FE56-4A8C-B864-23904407B322}.Debug|Any CPU.ActiveCfg = Debug|Any CPU
		{094B51B6-FE56-4A8C-B864-23904407B322}.Debug|Any CPU.Build.0 = Debug|Any CPU
		{094B51B6-FE56-4A8C-B864-23904407B322}.Release|Any CPU.ActiveCfg = Release|Any CPU
		{094B51B6-FE56-4A8C-B864-23904407B322}.Release|Any CPU.Build.0 = Release|Any CPU
		{EF8EBB1E-58C0-4877-81E0-B17CC5094B36}.Debug|Any CPU.ActiveCfg = Debug|Any CPU
		{EF8EBB1E-58C0-4877-81E0-B17CC5094B36}.Debug|Any CPU.Build.0 = Debug|Any CPU
		{EF8EBB1E-58C0-4877-81E0-B17CC5094B36}.Release|Any CPU.ActiveCfg = Release|Any CPU
		{EF8EBB1E-58C0-4877-81E0-B17CC5094B36}.Release|Any CPU.Build.0 = Release|Any CPU
		{EB1DEE75-198A-4569-9988-D5AB0647E2AE}.Debug|Any CPU.ActiveCfg = Debug|Any CPU
		{EB1DEE75-198A-4569-9988-D5AB0647E2AE}.Debug|Any CPU.Build.0 = Debug|Any CPU
		{EB1DEE75-198A-4569-9988-D5AB0647E2AE}.Release|Any CPU.ActiveCfg = Release|Any CPU
		{EB1DEE75-198A-4569-9988-D5AB0647E2AE}.Release|Any CPU.Build.0 = Release|Any CPU
		{DD6BEE47-64C2-4970-9C41-1A1658940D70}.Debug|Any CPU.ActiveCfg = Debug|Any CPU
		{DD6BEE47-64C2-4970-9C41-1A1658940D70}.Debug|Any CPU.Build.0 = Debug|Any CPU
		{DD6BEE47-64C2-4970-9C41-1A1658940D70}.Release|Any CPU.ActiveCfg = Release|Any CPU
		{DD6BEE47-64C2-4970-9C41-1A1658940D70}.Release|Any CPU.Build.0 = Release|Any CPU
		{77E8AE29-8D52-4F53-B2B2-97E3262D1634}.Debug|Any CPU.ActiveCfg = Debug|Any CPU
		{77E8AE29-8D52-4F53-B2B2-97E3262D1634}.Debug|Any CPU.Build.0 = Debug|Any CPU
		{77E8AE29-8D52-4F53-B2B2-97E3262D1634}.Release|Any CPU.ActiveCfg = Release|Any CPU
		{77E8AE29-8D52-4F53-B2B2-97E3262D1634}.Release|Any CPU.Build.0 = Release|Any CPU
		{18D0CEFE-AFC5-4EEC-AEDD-AABFF9FC4A82}.Debug|Any CPU.ActiveCfg = Debug|Any CPU
		{18D0CEFE-AFC5-4EEC-AEDD-AABFF9FC4A82}.Debug|Any CPU.Build.0 = Debug|Any CPU
		{18D0CEFE-AFC5-4EEC-AEDD-AABFF9FC4A82}.Release|Any CPU.ActiveCfg = Release|Any CPU
		{18D0CEFE-AFC5-4EEC-AEDD-AABFF9FC4A82}.Release|Any CPU.Build.0 = Release|Any CPU
		{BDBD0540-8EB0-4E19-9903-C9BBA384BA49}.Debug|Any CPU.ActiveCfg = Debug|Any CPU
		{BDBD0540-8EB0-4E19-9903-C9BBA384BA49}.Debug|Any CPU.Build.0 = Debug|Any CPU
		{BDBD0540-8EB0-4E19-9903-C9BBA384BA49}.Release|Any CPU.ActiveCfg = Release|Any CPU
		{BDBD0540-8EB0-4E19-9903-C9BBA384BA49}.Release|Any CPU.Build.0 = Release|Any CPU
		{85851FF1-C106-4F2A-8682-367213D36305}.Debug|Any CPU.ActiveCfg = Debug|Any CPU
		{85851FF1-C106-4F2A-8682-367213D36305}.Debug|Any CPU.Build.0 = Debug|Any CPU
		{85851FF1-C106-4F2A-8682-367213D36305}.Release|Any CPU.ActiveCfg = Release|Any CPU
		{85851FF1-C106-4F2A-8682-367213D36305}.Release|Any CPU.Build.0 = Release|Any CPU
		{830BFCA5-2151-431A-952F-592A61D4CCCA}.Debug|Any CPU.ActiveCfg = Debug|Any CPU
		{830BFCA5-2151-431A-952F-592A61D4CCCA}.Debug|Any CPU.Build.0 = Debug|Any CPU
		{830BFCA5-2151-431A-952F-592A61D4CCCA}.Release|Any CPU.ActiveCfg = Release|Any CPU
		{830BFCA5-2151-431A-952F-592A61D4CCCA}.Release|Any CPU.Build.0 = Release|Any CPU
		{592BFA5A-AC92-4BFD-BB8B-DE8F4FD1EAC1}.Debug|Any CPU.ActiveCfg = Debug|Any CPU
		{592BFA5A-AC92-4BFD-BB8B-DE8F4FD1EAC1}.Debug|Any CPU.Build.0 = Debug|Any CPU
		{592BFA5A-AC92-4BFD-BB8B-DE8F4FD1EAC1}.Release|Any CPU.ActiveCfg = Release|Any CPU
		{592BFA5A-AC92-4BFD-BB8B-DE8F4FD1EAC1}.Release|Any CPU.Build.0 = Release|Any CPU
		{11751F7F-AC8B-462C-B6F6-ECE276BBE129}.Debug|Any CPU.ActiveCfg = Debug|Any CPU
		{11751F7F-AC8B-462C-B6F6-ECE276BBE129}.Debug|Any CPU.Build.0 = Debug|Any CPU
		{11751F7F-AC8B-462C-B6F6-ECE276BBE129}.Release|Any CPU.ActiveCfg = Release|Any CPU
		{11751F7F-AC8B-462C-B6F6-ECE276BBE129}.Release|Any CPU.Build.0 = Release|Any CPU
		{3F256CC1-531A-4630-AEFB-2C6FAFBB8B55}.Debug|Any CPU.ActiveCfg = Debug|Any CPU
		{3F256CC1-531A-4630-AEFB-2C6FAFBB8B55}.Debug|Any CPU.Build.0 = Debug|Any CPU
		{3F256CC1-531A-4630-AEFB-2C6FAFBB8B55}.Release|Any CPU.ActiveCfg = Release|Any CPU
		{3F256CC1-531A-4630-AEFB-2C6FAFBB8B55}.Release|Any CPU.Build.0 = Release|Any CPU
		{F5D14F42-DD19-4A07-8C9A-1EF10681FD69}.Debug|Any CPU.ActiveCfg = Debug|Any CPU
		{F5D14F42-DD19-4A07-8C9A-1EF10681FD69}.Debug|Any CPU.Build.0 = Debug|Any CPU
		{F5D14F42-DD19-4A07-8C9A-1EF10681FD69}.Release|Any CPU.ActiveCfg = Release|Any CPU
		{F5D14F42-DD19-4A07-8C9A-1EF10681FD69}.Release|Any CPU.Build.0 = Release|Any CPU
		{F1743E60-6042-4233-8AB7-E8C0023F9959}.Debug|Any CPU.ActiveCfg = Debug|Any CPU
		{F1743E60-6042-4233-8AB7-E8C0023F9959}.Debug|Any CPU.Build.0 = Debug|Any CPU
		{F1743E60-6042-4233-8AB7-E8C0023F9959}.Release|Any CPU.ActiveCfg = Release|Any CPU
		{F1743E60-6042-4233-8AB7-E8C0023F9959}.Release|Any CPU.Build.0 = Release|Any CPU
		{0BBFACC4-8EA2-4861-BD59-96D77667111D}.Debug|Any CPU.ActiveCfg = Debug|Any CPU
		{0BBFACC4-8EA2-4861-BD59-96D77667111D}.Debug|Any CPU.Build.0 = Debug|Any CPU
		{0BBFACC4-8EA2-4861-BD59-96D77667111D}.Release|Any CPU.ActiveCfg = Release|Any CPU
		{0BBFACC4-8EA2-4861-BD59-96D77667111D}.Release|Any CPU.Build.0 = Release|Any CPU
		{73F988BC-6400-4012-8D88-A28A95C443CA}.Debug|Any CPU.ActiveCfg = Debug|Any CPU
		{73F988BC-6400-4012-8D88-A28A95C443CA}.Debug|Any CPU.Build.0 = Debug|Any CPU
		{73F988BC-6400-4012-8D88-A28A95C443CA}.Release|Any CPU.ActiveCfg = Release|Any CPU
		{73F988BC-6400-4012-8D88-A28A95C443CA}.Release|Any CPU.Build.0 = Release|Any CPU
		{948AF75F-9DF4-4C74-8039-6B084817F129}.Debug|Any CPU.ActiveCfg = Debug|Any CPU
		{948AF75F-9DF4-4C74-8039-6B084817F129}.Debug|Any CPU.Build.0 = Debug|Any CPU
		{948AF75F-9DF4-4C74-8039-6B084817F129}.Release|Any CPU.ActiveCfg = Release|Any CPU
		{948AF75F-9DF4-4C74-8039-6B084817F129}.Release|Any CPU.Build.0 = Release|Any CPU
		{9DE08923-0E45-4790-89CD-0FF6D2133D09}.Debug|Any CPU.ActiveCfg = Debug|Any CPU
		{9DE08923-0E45-4790-89CD-0FF6D2133D09}.Debug|Any CPU.Build.0 = Debug|Any CPU
		{9DE08923-0E45-4790-89CD-0FF6D2133D09}.Release|Any CPU.ActiveCfg = Release|Any CPU
		{9DE08923-0E45-4790-89CD-0FF6D2133D09}.Release|Any CPU.Build.0 = Release|Any CPU
		{1B1B698A-31D8-4B52-9564-DA0E55DA4CE1}.Debug|Any CPU.ActiveCfg = Debug|Any CPU
		{1B1B698A-31D8-4B52-9564-DA0E55DA4CE1}.Debug|Any CPU.Build.0 = Debug|Any CPU
		{1B1B698A-31D8-4B52-9564-DA0E55DA4CE1}.Release|Any CPU.ActiveCfg = Release|Any CPU
		{1B1B698A-31D8-4B52-9564-DA0E55DA4CE1}.Release|Any CPU.Build.0 = Release|Any CPU
		{1EC792AE-52A0-4677-9615-23B034839FF9}.Debug|Any CPU.ActiveCfg = Debug|Any CPU
		{1EC792AE-52A0-4677-9615-23B034839FF9}.Debug|Any CPU.Build.0 = Debug|Any CPU
		{1EC792AE-52A0-4677-9615-23B034839FF9}.Release|Any CPU.ActiveCfg = Release|Any CPU
		{1EC792AE-52A0-4677-9615-23B034839FF9}.Release|Any CPU.Build.0 = Release|Any CPU
	EndGlobalSection
	GlobalSection(SolutionProperties) = preSolution
		HideSolutionNode = FALSE
	EndGlobalSection
	GlobalSection(NestedProjects) = preSolution
		{7B59BDD1-7D72-4758-B5EE-6382648B5CAF} = {1F5734FF-EDDF-4C16-9C96-EF1213CBA76B}
		{92AB8997-84D3-4885-9768-853C478FCE39} = {1F5734FF-EDDF-4C16-9C96-EF1213CBA76B}
		{094B51B6-FE56-4A8C-B864-23904407B322} = {C121C119-96E6-420B-B2EA-3635E14F6481}
		{EF8EBB1E-58C0-4877-81E0-B17CC5094B36} = {C121C119-96E6-420B-B2EA-3635E14F6481}
		{EB1DEE75-198A-4569-9988-D5AB0647E2AE} = {7CEA4BD7-078C-4215-8F9E-B9A31FEC89D2}
		{DD6BEE47-64C2-4970-9C41-1A1658940D70} = {7CEA4BD7-078C-4215-8F9E-B9A31FEC89D2}
		{77E8AE29-8D52-4F53-B2B2-97E3262D1634} = {EB7A588B-2839-418D-A4C2-CF467759EB37}
		{18D0CEFE-AFC5-4EEC-AEDD-AABFF9FC4A82} = {EB7A588B-2839-418D-A4C2-CF467759EB37}
		{BDBD0540-8EB0-4E19-9903-C9BBA384BA49} = {EB7A588B-2839-418D-A4C2-CF467759EB37}
		{85851FF1-C106-4F2A-8682-367213D36305} = {EB7A588B-2839-418D-A4C2-CF467759EB37}
		{830BFCA5-2151-431A-952F-592A61D4CCCA} = {2D3274F9-9D33-4CE4-AD42-4E2F4AFB760B}
		{592BFA5A-AC92-4BFD-BB8B-DE8F4FD1EAC1} = {2D3274F9-9D33-4CE4-AD42-4E2F4AFB760B}
		{EB7A588B-2839-418D-A4C2-CF467759EB37} = {7CEA4BD7-078C-4215-8F9E-B9A31FEC89D2}
		{2D3274F9-9D33-4CE4-AD42-4E2F4AFB760B} = {1F5734FF-EDDF-4C16-9C96-EF1213CBA76B}
		{11751F7F-AC8B-462C-B6F6-ECE276BBE129} = {C121C119-96E6-420B-B2EA-3635E14F6481}
		{04002EBB-E938-457B-A36D-B814CD5D3B9D} = {1F5734FF-EDDF-4C16-9C96-EF1213CBA76B}
		{3F256CC1-531A-4630-AEFB-2C6FAFBB8B55} = {04002EBB-E938-457B-A36D-B814CD5D3B9D}
		{5E201FD8-C39E-4CE6-8FA9-CC19175A55AB} = {7CEA4BD7-078C-4215-8F9E-B9A31FEC89D2}
		{F5D14F42-DD19-4A07-8C9A-1EF10681FD69} = {5E201FD8-C39E-4CE6-8FA9-CC19175A55AB}
		{F1743E60-6042-4233-8AB7-E8C0023F9959} = {5E201FD8-C39E-4CE6-8FA9-CC19175A55AB}
		{0BBFACC4-8EA2-4861-BD59-96D77667111D} = {5E201FD8-C39E-4CE6-8FA9-CC19175A55AB}
		{73F988BC-6400-4012-8D88-A28A95C443CA} = {5E201FD8-C39E-4CE6-8FA9-CC19175A55AB}
		{948AF75F-9DF4-4C74-8039-6B084817F129} = {04002EBB-E938-457B-A36D-B814CD5D3B9D}
		{9DE08923-0E45-4790-89CD-0FF6D2133D09} = {04002EBB-E938-457B-A36D-B814CD5D3B9D}
		{1B1B698A-31D8-4B52-9564-DA0E55DA4CE1} = {04002EBB-E938-457B-A36D-B814CD5D3B9D}
		{1EC792AE-52A0-4677-9615-23B034839FF9} = {2D3274F9-9D33-4CE4-AD42-4E2F4AFB760B}
	EndGlobalSection
	GlobalSection(ExtensibilityGlobals) = postSolution
		SolutionGuid = {815F87A5-1F23-4A6F-BCC1-8C98C8EE135E}
	EndGlobalSection
EndGlobal
